
Microsoft Visual Studio Solution File, Format Version 12.00
# Visual Studio Version 16
VisualStudioVersion = 16.0.31911.196
MinimumVisualStudioVersion = 10.0.40219.1
Project("{FAE04EC0-301F-11D3-BF4B-00C04F79EFBC}") = "EmailAPI", "WebApplication8\EmailAPI.csproj", "{2CB83525-CAE0-4AED-A9A2-F4C2927FEB9D}"
EndProject
Global
	GlobalSection(SolutionConfigurationPlatforms) = preSolution
		Debug|Any CPU = Debug|Any CPU
		Release|Any CPU = Release|Any CPU
	EndGlobalSection
	GlobalSection(ProjectConfigurationPlatforms) = postSolution
		{2CB83525-CAE0-4AED-A9A2-F4C2927FEB9D}.Debug|Any CPU.ActiveCfg = Debug|Any CPU
		{2CB83525-CAE0-4AED-A9A2-F4C2927FEB9D}.Debug|Any CPU.Build.0 = Debug|Any CPU
		{2CB83525-CAE0-4AED-A9A2-F4C2927FEB9D}.Release|Any CPU.ActiveCfg = Release|Any CPU
		{2CB83525-CAE0-4AED-A9A2-F4C2927FEB9D}.Release|Any CPU.Build.0 = Release|Any CPU
	EndGlobalSection
	GlobalSection(SolutionProperties) = preSolution
		HideSolutionNode = FALSE
	EndGlobalSection
	GlobalSection(ExtensibilityGlobals) = postSolution
		SolutionGuid = {8F71E7A6-56CF-4921-BD0C-47A265059443}
	EndGlobalSection
EndGlobal
